{
  "name": "aws-lambda-ws-server-example",
  "version": "0.1.21",
  "lockfileVersion": 1,
  "requires": true,
  "dependencies": {
    "aws-lambda-ws-server": {
      "version": "0.1.21",
      "resolved": "https://registry.npmjs.org/aws-lambda-ws-server/-/aws-lambda-ws-server-0.1.21.tgz",
      "integrity": "sha512-CIM3sj+C4sCy6gB72ix1rAQdpMvuo2PJqndGclm4GdgRTMv15mq85Mpr+Vbpu0fZfyf9F9iHpnV162SbTiTsVw==",
      "requires": {
        "aws-post-to-connection": "^0.1.21",
        "is-lambda": "1.0.1",
        "ws": "7.4.0"
      }
    },
    "aws-post-to-connection": {
      "version": "0.1.21",
      "resolved": "https://registry.npmjs.org/aws-post-to-connection/-/aws-post-to-connection-0.1.21.tgz",
      "integrity": "sha512-ftMLkOw+ERSm3tscpxgcDlmOrzcHgIhx7PiLk8J+kWsiT5bhrElhXvDHHUADzpYHbUWO1vJfZn9LdJF8AjuLaA==",
      "requires": {
        "aws4": "1.11.0"
      },
      "dependencies": {
        "aws4": {
          "version": "1.11.0",
          "resolved": "https://registry.npmjs.org/aws4/-/aws4-1.11.0.tgz",
          "integrity": "sha512-xh1Rl34h6Fi1DC2WWKfxUTVqRsNnr6LsKz2+hfwDxQJWmrx8+c7ylaqBMcHfl1U1r2dsifOvKX3LQuLNZ+XSvA=="
        }
      }
    },
    "is-lambda": {
      "version": "1.0.1",
      "resolved": "https://registry.npmjs.org/is-lambda/-/is-lambda-1.0.1.tgz",
      "integrity": "sha1-PZh3iZ5qU+/AFgUEzeFfgubwYdU="
    },
    "ws": {
      "version": "7.4.0",
      "resolved": "https://registry.npmjs.org/ws/-/ws-7.4.0.tgz",
      "integrity": "sha512-kyFwXuV/5ymf+IXhS6f0+eAFvydbaBW3zjpT6hUdAh/hbVjTIB5EHBGi0bPoCLSK2wcuz3BrEkB9LrYv1Nm4NQ=="
    }
  }
}
